
Microsoft Visual Studio Solution File, Format Version 12.00
Project("{FAE04EC0-301F-11D3-BF4B-00C04F79EFBC}") = "Console", "Console\Console.csproj", "{D4BC758F-ACA2-40BC-8ACE-D16C61197D8F}"
EndProject
Project("{FAE04EC0-301F-11D3-BF4B-00C04F79EFBC}") = "Server", "Server\Server.csproj", "{01F437AF-F544-410E-AD10-2AF40A73161D}"
EndProject
Project("{FAE04EC0-301F-11D3-BF4B-00C04F79EFBC}") = "ServerTests", "ServerTests\ServerTests.csproj", "{48C8B8EE-BD54-45E5-AA77-4EAC8415DCEF}"
EndProject
Global
	GlobalSection(SolutionConfigurationPlatforms) = preSolution
		Debug|Any CPU = Debug|Any CPU
		Release|Any CPU = Release|Any CPU
	EndGlobalSection
	GlobalSection(ProjectConfigurationPlatforms) = postSolution
		{D4BC758F-ACA2-40BC-8ACE-D16C61197D8F}.Debug|Any CPU.ActiveCfg = Debug|Any CPU
		{D4BC758F-ACA2-40BC-8ACE-D16C61197D8F}.Debug|Any CPU.Build.0 = Debug|Any CPU
		{D4BC758F-ACA2-40BC-8ACE-D16C61197D8F}.Release|Any CPU.ActiveCfg = Release|Any CPU
		{D4BC758F-ACA2-40BC-8ACE-D16C61197D8F}.Release|Any CPU.Build.0 = Release|Any CPU
		{01F437AF-F544-410E-AD10-2AF40A73161D}.Debug|Any CPU.ActiveCfg = Debug|Any CPU
		{01F437AF-F544-410E-AD10-2AF40A73161D}.Debug|Any CPU.Build.0 = Debug|Any CPU
		{01F437AF-F544-410E-AD10-2AF40A73161D}.Release|Any CPU.ActiveCfg = Release|Any CPU
		{01F437AF-F544-410E-AD10-2AF40A73161D}.Release|Any CPU.Build.0 = Release|Any CPU
		{48C8B8EE-BD54-45E5-AA77-4EAC8415DCEF}.Debug|Any CPU.ActiveCfg = Debug|Any CPU
		{48C8B8EE-BD54-45E5-AA77-4EAC8415DCEF}.Debug|Any CPU.Build.0 = Debug|Any CPU
		{48C8B8EE-BD54-45E5-AA77-4EAC8415DCEF}.Release|Any CPU.ActiveCfg = Release|Any CPU
		{48C8B8EE-BD54-45E5-AA77-4EAC8415DCEF}.Release|Any CPU.Build.0 = Release|Any CPU
	EndGlobalSection
EndGlobal
